
Microsoft Visual Studio Solution File, Format Version 12.00
# Visual Studio Version 16
VisualStudioVersion = 16.0.30621.155
MinimumVisualStudioVersion = 10.0.40219.1
Project("{FAE04EC0-301F-11D3-BF4B-00C04F79EFBC}") = "NewLanguage", "NewLanguage\NewLanguage.csproj", "{11E45949-50B9-4A9A-8AC4-F0FEC09140CF}"
EndProject
Global
	GlobalSection(SolutionConfigurationPlatforms) = preSolution
		Debug|Any CPU = Debug|Any CPU
		Release|Any CPU = Release|Any CPU
	EndGlobalSection
	GlobalSection(ProjectConfigurationPlatforms) = postSolution
		{11E45949-50B9-4A9A-8AC4-F0FEC09140CF}.Debug|Any CPU.ActiveCfg = Debug|Any CPU
		{11E45949-50B9-4A9A-8AC4-F0FEC09140CF}.Debug|Any CPU.Build.0 = Debug|Any CPU
		{11E45949-50B9-4A9A-8AC4-F0FEC09140CF}.Release|Any CPU.ActiveCfg = Release|Any CPU
		{11E45949-50B9-4A9A-8AC4-F0FEC09140CF}.Release|Any CPU.Build.0 = Release|Any CPU
	EndGlobalSection
	GlobalSection(SolutionProperties) = preSolution
		HideSolutionNode = FALSE
	EndGlobalSection
	GlobalSection(ExtensibilityGlobals) = postSolution
		SolutionGuid = {2B845D5C-3490-4B4B-B8D1-396DF72246EA}
	EndGlobalSection
EndGlobal
